
Microsoft Visual Studio Solution File, Format Version 12.00
# Visual Studio 2012
Project("{8BC9CEB8-8B4A-11D0-8D11-00A0C91BC942}") = "Ogre", "Ogre\Ogre.vcxproj", "{BF4B9989-5270-4862-9BEF-D5F4702794C6}"
EndProject
Global
	GlobalSection(SolutionConfigurationPlatforms) = preSolution
		Debug|Win32 = Debug|Win32
		Release|Win32 = Release|Win32
	EndGlobalSection
	GlobalSection(ProjectConfigurationPlatforms) = postSolution
		{BF4B9989-5270-4862-9BEF-D5F4702794C6}.Debug|Win32.ActiveCfg = Debug|Win32
		{BF4B9989-5270-4862-9BEF-D5F4702794C6}.Debug|Win32.Build.0 = Debug|Win32
		{BF4B9989-5270-4862-9BEF-D5F4702794C6}.Release|Win32.ActiveCfg = Release|Win32
		{BF4B9989-5270-4862-9BEF-D5F4702794C6}.Release|Win32.Build.0 = Release|Win32
	EndGlobalSection
	GlobalSection(SolutionProperties) = preSolution
		HideSolutionNode = FALSE
	EndGlobalSection
EndGlobal
